# generated by rye
# use `rye lock` or `rye sync` to update this lockfile
#
# last locked with the following flags:
#   pre: false
#   features: []
#   all-features: false
#   with-sources: false
#   generate-hashes: false
#   universal: false

-e file:.
-e file:polymorph-app
-e file:polymorph-num
-e file:polymorph-s2df
absl-py==2.1.0
    # via chex
    # via optax
anyio==4.3.0
    # via httpx
    # via jupyter-server
appnope==0.1.4
    # via ipykernel
argon2-cffi==23.1.0
    # via jupyter-server
argon2-cffi-bindings==21.2.0
    # via argon2-cffi
arrow==1.3.0
    # via isoduration
asttokens==2.4.1
    # via stack-data
async-lru==2.0.4
    # via jupyterlab
attrs==23.2.0
    # via jsonschema
    # via referencing
babel==2.15.0
    # via jupyterlab-server
beautifulsoup4==4.12.3
    # via nbconvert
bleach==6.1.0
    # via nbconvert
certifi==2024.2.2
    # via httpcore
    # via httpx
    # via requests
cffi==1.16.0
    # via argon2-cffi-bindings
cfgv==3.4.0
    # via pre-commit
charset-normalizer==3.3.2
    # via requests
chex==0.1.86
    # via optax
comm==0.2.2
    # via ipykernel
    # via ipywidgets
contourpy==1.2.1
    # via matplotlib
cycler==0.12.1
    # via matplotlib
debugpy==1.8.1
    # via ipykernel
decorator==5.1.1
    # via ipython
defusedxml==0.7.1
    # via nbconvert
distlib==0.3.8
    # via virtualenv
etils==1.9.2
    # via optax
executing==2.0.1
    # via stack-data
fastjsonschema==2.19.1
    # via nbformat
filelock==3.15.4
    # via virtualenv
fonttools==4.51.0
    # via matplotlib
fqdn==1.5.1
    # via jsonschema
glcontext==2.5.0
    # via moderngl
glfw==2.7.0
    # via polymorph
h11==0.14.0
    # via httpcore
httpcore==1.0.5
    # via httpx
httpx==0.27.0
    # via jupyterlab
identify==2.5.36
    # via pre-commit
idna==3.7
    # via anyio
    # via httpx
    # via jsonschema
    # via requests
imgui==2.0.0
    # via polymorph
ipykernel==6.29.4
    # via jupyter
    # via jupyter-console
    # via jupyterlab
    # via qtconsole
ipython==8.24.0
    # via ipykernel
    # via ipywidgets
    # via jupyter-console
ipywidgets==8.1.2
    # via jupyter
isoduration==20.11.0
    # via jsonschema
jax==0.4.28
    # via chex
    # via optax
    # via polymorph
    # via polymorph-s2df
jaxlib==0.4.28
    # via chex
    # via optax
    # via polymorph
jaxtyping==0.2.31
    # via polymorph
jedi==0.19.1
    # via ipython
jinja2==3.1.4
    # via jupyter-server
    # via jupyterlab
    # via jupyterlab-server
    # via nbconvert
json5==0.9.25
    # via jupyterlab-server
jsonpointer==2.4
    # via jsonschema
jsonschema==4.22.0
    # via jupyter-events
    # via jupyterlab-server
    # via nbformat
jsonschema-specifications==2023.12.1
    # via jsonschema
jupyter==1.0.0
    # via polymorph
jupyter-client==8.6.1
    # via ipykernel
    # via jupyter-console
    # via jupyter-server
    # via nbclient
    # via qtconsole
jupyter-console==6.6.3
    # via jupyter
jupyter-core==5.7.2
    # via ipykernel
    # via jupyter-client
    # via jupyter-console
    # via jupyter-server
    # via jupyterlab
    # via nbclient
    # via nbconvert
    # via nbformat
    # via qtconsole
jupyter-events==0.10.0
    # via jupyter-server
jupyter-lsp==2.2.5
    # via jupyterlab
jupyter-server==2.14.0
    # via jupyter-lsp
    # via jupyterlab
    # via jupyterlab-server
    # via notebook
    # via notebook-shim
jupyter-server-terminals==0.5.3
    # via jupyter-server
jupyterlab==4.1.8
    # via notebook
jupyterlab-pygments==0.3.0
    # via nbconvert
jupyterlab-server==2.27.1
    # via jupyterlab
    # via notebook
jupyterlab-widgets==3.0.10
    # via ipywidgets
kiwisolver==1.4.5
    # via matplotlib
markupsafe==2.1.5
    # via jinja2
    # via nbconvert
matplotlib==3.8.4
    # via polymorph
matplotlib-inline==0.1.7
    # via ipykernel
    # via ipython
mistune==3.0.2
    # via nbconvert
ml-dtypes==0.4.0
    # via jax
    # via jaxlib
moderngl==5.10.0
    # via polymorph
nbclient==0.10.0
    # via nbconvert
nbconvert==7.16.4
    # via jupyter
    # via jupyter-server
nbformat==5.10.4
    # via jupyter-server
    # via nbclient
    # via nbconvert
nest-asyncio==1.6.0
    # via ipykernel
nodeenv==1.9.1
    # via pre-commit
    # via pyright
notebook==7.1.3
    # via jupyter
notebook-shim==0.2.4
    # via jupyterlab
    # via notebook
numpy==1.26.4
    # via chex
    # via contourpy
    # via jax
    # via jaxlib
    # via matplotlib
    # via ml-dtypes
    # via opt-einsum
    # via optax
    # via pandas
    # via polymorph
    # via scipy
opt-einsum==3.3.0
    # via jax
optax==0.2.3
    # via polymorph
overrides==7.7.0
    # via jupyter-server
packaging==24.0
    # via ipykernel
    # via jupyter-server
    # via jupyterlab
    # via jupyterlab-server
    # via matplotlib
    # via nbconvert
    # via plotly
    # via qtconsole
    # via qtpy
pandas==2.2.2
    # via polymorph
pandocfilters==1.5.1
    # via nbconvert
parso==0.8.4
    # via jedi
pexpect==4.9.0
    # via ipython
pillow==10.4.0
    # via matplotlib
    # via polymorph-app
platformdirs==4.2.1
    # via jupyter-core
    # via virtualenv
plotly==5.22.0
    # via polymorph
pre-commit==3.7.1
    # via polymorph
prometheus-client==0.20.0
    # via jupyter-server
prompt-toolkit==3.0.43
    # via ipython
    # via jupyter-console
psutil==5.9.8
    # via ipykernel
ptyprocess==0.7.0
    # via pexpect
    # via terminado
pure-eval==0.2.2
    # via stack-data
pycparser==2.22
    # via cffi
pygame-ce==2.4.1
    # via pygame-gui
pygame-gui==0.6.10
    # via polymorph-app
pygments==2.18.0
    # via ipython
    # via jupyter-console
    # via nbconvert
    # via qtconsole
pyopengl==3.1.7
    # via polymorph
pyparsing==3.1.2
    # via matplotlib
pyright==1.1.372
    # via polymorph
python-dateutil==2.9.0.post0
    # via arrow
    # via jupyter-client
    # via matplotlib
    # via pandas
python-i18n==0.3.9
    # via pygame-gui
python-json-logger==2.0.7
    # via jupyter-events
pytz==2024.1
    # via pandas
pyyaml==6.0.1
    # via jupyter-events
    # via pre-commit
pyzmq==26.0.3
    # via ipykernel
    # via jupyter-client
    # via jupyter-console
    # via jupyter-server
    # via qtconsole
qtconsole==5.5.2
    # via jupyter
qtpy==2.4.1
    # via qtconsole
referencing==0.35.1
    # via jsonschema
    # via jsonschema-specifications
    # via jupyter-events
requests==2.31.0
    # via jupyterlab-server
rfc3339-validator==0.1.4
    # via jsonschema
    # via jupyter-events
rfc3986-validator==0.1.1
    # via jsonschema
    # via jupyter-events
rpds-py==0.18.1
    # via jsonschema
    # via referencing
ruff==0.4.4
    # via polymorph
scipy==1.13.0
    # via jax
    # via jaxlib
send2trash==1.8.3
    # via jupyter-server
setuptools==69.5.1
    # via chex
six==1.16.0
    # via asttokens
    # via bleach
    # via python-dateutil
    # via rfc3339-validator
sniffio==1.3.1
    # via anyio
    # via httpx
soupsieve==2.5
    # via beautifulsoup4
stack-data==0.6.3
    # via ipython
tenacity==8.3.0
    # via plotly
terminado==0.18.1
    # via jupyter-server
    # via jupyter-server-terminals
tinycss2==1.3.0
    # via nbconvert
toolz==0.12.1
    # via chex
tornado==6.4
    # via ipykernel
    # via jupyter-client
    # via jupyter-server
    # via jupyterlab
    # via notebook
    # via terminado
traitlets==5.14.3
    # via comm
    # via ipykernel
    # via ipython
    # via ipywidgets
    # via jupyter-client
    # via jupyter-console
    # via jupyter-core
    # via jupyter-events
    # via jupyter-server
    # via jupyterlab
    # via matplotlib-inline
    # via nbclient
    # via nbconvert
    # via nbformat
    # via qtconsole
typeguard==2.13.3
    # via jaxtyping
types-python-dateutil==2.9.0.20240316
    # via arrow
typing-extensions==4.11.0
    # via chex
    # via etils
tzdata==2024.1
    # via pandas
uri-template==1.3.0
    # via jsonschema
urllib3==2.2.1
    # via requests
virtualenv==20.26.3
    # via pre-commit
wcwidth==0.2.13
    # via prompt-toolkit
webcolors==1.13
    # via jsonschema
webencodings==0.5.1
    # via bleach
    # via tinycss2
websocket-client==1.8.0
    # via jupyter-server
widgetsnbextension==4.0.10
    # via ipywidgets
